{
  "version": 1,
  "dependencies": {
    ".NETStandard,Version=v2.1": {
      "Microsoft.CodeAnalysis.FxCopAnalyzers": {
        "type": "Direct",
        "requested": "[3.0.0, )",
        "resolved": "3.0.0",
        "contentHash": "ea8bbNa4fzS/s55AUCAvYjb6Y3lFysFVfEwt9zIwR/NeFpOcUluIleOXSUPAyUtwBFugn01aWvNfMVmIwnvgqQ==",
        "dependencies": {
          "Microsoft.CodeAnalysis.VersionCheckAnalyzer": "[3.0.0]",
          "Microsoft.CodeQuality.Analyzers": "[3.0.0]",
          "Microsoft.NetCore.Analyzers": "[3.0.0]",
          "Microsoft.NetFramework.Analyzers": "[3.0.0]"
        }
      },
      "Microsoft.CodeAnalysis.NetAnalyzers": {
        "type": "Direct",
        "requested": "[5.0.3, )",
        "resolved": "5.0.3",
        "contentHash": "7rw0JUPSAVGR0HPekQiQvwGPor44p/Ek21+wZABraG4bVYNrSkx98ZZsxSxG5jJ4oqjACJxea8E62UO0dsKDBw=="
      },
      "Microsoft.SourceLink.GitHub": {
        "type": "Direct",
        "requested": "[1.0.0, )",
        "resolved": "1.0.0",
        "contentHash": "aZyGyGg2nFSxix+xMkPmlmZSsnGQ3w+mIG23LTxJZHN+GPwTQ5FpPgDo7RMOq+Kcf5D4hFWfXkGhoGstawX13Q==",
        "dependencies": {
          "Microsoft.Build.Tasks.Git": "1.0.0",
          "Microsoft.SourceLink.Common": "1.0.0"
        }
      },
      "Nerdbank.GitVersioning": {
        "type": "Direct",
        "requested": "[3.4.220, )",
        "resolved": "3.4.220",
        "contentHash": "a4A8qKgM1OLmAEnP30qlA8AhVAutKfJtQbfhwXIeUE5QhWKlnGe6cThJik9aKAzZvhcdmUIaN4O0q+JSI6BU4A=="
      },
      "Nullable": {
        "type": "Direct",
        "requested": "[1.3.0, )",
        "resolved": "1.3.0",
        "contentHash": "xHAviTdTY3n+t1nEPN4JPRQR5lI124qRKVw+U9H7dO5sDNPpzoWeo/MQy7dSUmv9eD3k/CJVKokz1tFK+JOzRw=="
      },
      "System.Text.Json": {
        "type": "Direct",
        "requested": "[4.7.1, )",
        "resolved": "4.7.1",
        "contentHash": "XwzMbct3iNepJaFylN1+l8weWlFburEzXidqleSsLvSXdHSIJHEKtRVKHPlpWcFmJX6k3goPFfVgUfp40RR+bg==",
        "dependencies": {
          "Microsoft.Bcl.AsyncInterfaces": "1.1.0",
          "System.Buffers": "4.5.0",
          "System.Memory": "4.5.3",
          "System.Numerics.Vectors": "4.5.0",
          "System.Runtime.CompilerServices.Unsafe": "4.7.0",
          "System.Text.Encodings.Web": "4.7.0",
          "System.Threading.Tasks.Extensions": "4.5.2"
        }
      },
      "Microsoft.Bcl.AsyncInterfaces": {
        "type": "Transitive",
        "resolved": "1.1.0",
        "contentHash": "1Am6l4Vpn3/K32daEqZI+FFr96OlZkgwK2LcT3pZ2zWubR5zTPW3/FkO1Rat9kb7oQOa4rxgl9LJHc5tspCWfg==",
        "dependencies": {
          "System.Threading.Tasks.Extensions": "4.5.2"
        }
      },
      "Microsoft.Build.Tasks.Git": {
        "type": "Transitive",
        "resolved": "1.0.0",
        "contentHash": "z2fpmmt+1Jfl+ZnBki9nSP08S1/tbEOxFdsK1rSR+LBehIJz1Xv9/6qOOoGNqlwnAGGVGis1Oj6S8Kt9COEYlQ=="
      },
      "Microsoft.CodeAnalysis.VersionCheckAnalyzer": {
        "type": "Transitive",
        "resolved": "3.0.0",
        "contentHash": "RL9OdvWLhtQXcvxK2EPbXM9LandLcDG14Ndz5baVH2aiyvEB11VrHfrzLNoEE5B2/zhRGqN+BHsBg21f75wG9g=="
      },
      "Microsoft.CodeQuality.Analyzers": {
        "type": "Transitive",
        "resolved": "3.0.0",
        "contentHash": "pOROTgdPa+15sYfEMvDlWlDEedCO1SuRLrRjX36Ltli3SmhZawC2Vgws4crz1XMs9WRzBo8WIJM5WRzGNsOSmQ=="
      },
      "Microsoft.NetCore.Analyzers": {
        "type": "Transitive",
        "resolved": "3.0.0",
        "contentHash": "JdjhkobYjmQAu4JpsEALDAr7xig2pzXMsXGilHJ2gvmUaUSBjYObw53CBaIkRXmPu0DaDPN8ze9LCtsRd1R8UA=="
      },
      "Microsoft.NetFramework.Analyzers": {
        "type": "Transitive",
        "resolved": "3.0.0",
        "contentHash": "Q0sB3JYld9JMa9/HKtioIxhqmOohEku1FkfSC/uf0usGcCIhm6GYWU565klP64jC2kzmjFIu/6fkHEIYRqZCQQ=="
      },
      "Microsoft.SourceLink.Common": {
        "type": "Transitive",
        "resolved": "1.0.0",
        "contentHash": "G8DuQY8/DK5NN+3jm5wcMcd9QYD90UV7MiLmdljSJixi3U/vNaeBKmmXUqI4DJCOeWizIUEh4ALhSt58mR+5eg=="
      },
      "System.Buffers": {
        "type": "Transitive",
        "resolved": "4.5.0",
        "contentHash": "pL2ChpaRRWI/p4LXyy4RgeWlYF2sgfj/pnVMvBqwNFr5cXg7CXNnWZWxrOONLg8VGdFB8oB+EG2Qw4MLgTOe+A=="
      },
      "System.Memory": {
        "type": "Transitive",
        "resolved": "4.5.3",
        "contentHash": "3oDzvc/zzetpTKWMShs1AADwZjQ/36HnsufHRPcOjyRAAMLDlu2iD33MBI2opxnezcVUtXyqDXXjoFMOU9c7SA==",
        "dependencies": {
          "System.Buffers": "4.4.0",
          "System.Numerics.Vectors": "4.4.0",
          "System.Runtime.CompilerServices.Unsafe": "4.5.2"
        }
      },
      "System.Numerics.Vectors": {
        "type": "Transitive",
        "resolved": "4.5.0",
        "contentHash": "QQTlPTl06J/iiDbJCiepZ4H//BVraReU4O4EoRw1U02H5TLUIT7xn3GnDp9AXPSlJUDyFs4uWjWafNX6WrAojQ=="
      },
      "System.Runtime.CompilerServices.Unsafe": {
        "type": "Transitive",
        "resolved": "4.7.0",
        "contentHash": "IpU1lcHz8/09yDr9N+Juc7SCgNUz+RohkCQI+KsWKR67XxpFr8Z6c8t1iENCXZuRuNCc4HBwme/MDHNVCwyAKg=="
      },
      "System.Text.Encodings.Web": {
        "type": "Transitive",
        "resolved": "4.7.0",
        "contentHash": "IJanJWPQvya2sbGStt3Fkdy4IaomUBSadAfYWeJDQw0zclMk9ixSvMeei6cSmTTQ6ZkGIIAbhHZVCoLR7GgX7Q=="
      },
      "System.Threading.Tasks.Extensions": {
        "type": "Transitive",
        "resolved": "4.5.2",
        "contentHash": "BG/TNxDFv0svAzx8OiMXDlsHfGw623BZ8tCXw4YLhDFDvDhNUEV58jKYMGRnkbJNm7c3JNNJDiN7JBMzxRBR2w==",
        "dependencies": {
          "System.Runtime.CompilerServices.Unsafe": "4.5.2"
        }
      }
    }
  }
}